// !$*UTF8*$!
{
	archiveVersion = 1;
	classes = {
	};
	objectVersion = 77;
	objects = {

/* Begin PBXContainerItemProxy section */
		49AB0DF82DB9F81600093075 /* PBXContainerItemProxy */ = {
			isa = PBXContainerItemProxy;
			containerPortal = 49AB0DE22DB9F81500093075 /* Project object */;
			proxyType = 1;
			remoteGlobalIDString = 49AB0DE92DB9F81500093075;
			remoteInfo = HackProject;
		};
		49AB0E022DB9F81600093075 /* PBXContainerItemProxy */ = {
			isa = PBXContainerItemProxy;
			containerPortal = 49AB0DE22DB9F81500093075 /* Project object */;
			proxyType = 1;
			remoteGlobalIDString = 49AB0DE92DB9F81500093075;
			remoteInfo = HackProject;
		};
/* End PBXContainerItemProxy section */

/* Begin PBXFileReference section */
		49AB0DEA2DB9F81500093075 /* HackProject.app */ = {isa = PBXFileReference; explicitFileType = wrapper.application; includeInIndex = 0; path = HackProject.app; sourceTree = BUILT_PRODUCTS_DIR; };
		49AB0DF72DB9F81600093075 /* HackProjectTests.xctest */ = {isa = PBXFileReference; explicitFileType = wrapper.cfbundle; includeInIndex = 0; path = HackProjectTests.xctest; sourceTree = BUILT_PRODUCTS_DIR; };
		49AB0E012DB9F81600093075 /* HackProjectUITests.xctest */ = {isa = PBXFileReference; explicitFileType = wrapper.cfbundle; includeInIndex = 0; path = HackProjectUITests.xctest; sourceTree = BUILT_PRODUCTS_DIR; };
/* End PBXFileReference section */

/* Begin PBXFileSystemSynchronizedRootGroup section */
		49AB0DEC2DB9F81500093075 /* HackProject */ = {
			isa = PBXFileSystemSynchronizedRootGroup;
			path = HackProject;
			sourceTree = "<group>";
		};
		49AB0DFA2DB9F81600093075 /* HackProjectTests */ = {
			isa = PBXFileSystemSynchronizedRootGroup;
			path = HackProjectTests;
			sourceTree = "<group>";
		};
		49AB0E042DB9F81600093075 /* HackProjectUITests */ = {
			isa = PBXFileSystemSynchronizedRootGroup;
			path = HackProjectUITests;
			sourceTree = "<group>";
		};
/* End PBXFileSystemSynchronizedRootGroup section */

/* Begin PBXFrameworksBuildPhase section */
		49AB0DE72DB9F81500093075 /* Frameworks */ = {
			isa = PBXFrameworksBuildPhase;
			buildActionMask = 2147483647;
			files = (
			);
			runOnlyForDeploymentPostprocessing = 0;
		};
		49AB0DF42DB9F81600093075 /* Frameworks */ = {
			isa = PBXFrameworksBuildPhase;
			buildActionMask = 2147483647;
			files = (
			);
			runOnlyForDeploymentPostprocessing = 0;
		};
		49AB0DFE2DB9F81600093075 /* Frameworks */ = {
			isa = PBXFrameworksBuildPhase;
			buildActionMask = 2147483647;
			files = (
			);
			runOnlyForDeploymentPostprocessing = 0;
		};
/* End PBXFrameworksBuildPhase section */

/* Begin PBXGroup section */
		49AB0DE12DB9F81500093075 = {
			isa = PBXGroup;
			children = (
				49AB0DEC2DB9F81500093075 /* HackProject */,
				49AB0DFA2DB9F81600093075 /* HackProjectTests */,
				49AB0E042DB9F81600093075 /* HackProjectUITests */,
				49AB0DEB2DB9F81500093075 /* Products */,
			);
			sourceTree = "<group>";
		};
		49AB0DEB2DB9F81500093075 /* Products */ = {
			isa = PBXGroup;
			children = (
				49AB0DEA2DB9F81500093075 /* HackProject.app */,
				49AB0DF72DB9F81600093075 /* HackProjectTests.xctest */,
				49AB0E012DB9F81600093075 /* HackProjectUITests.xctest */,
			);
			name = Products;
			sourceTree = "<group>";
		};
/* End PBXGroup section */

/* Begin PBXNativeTarget section */
		49AB0DE92DB9F81500093075 /* HackProject */ = {
			isa = PBXNativeTarget;
			buildConfigurationList = 49AB0E0B2DB9F81600093075 /* Build configuration list for PBXNativeTarget "HackProject" */;
			buildPhases = (
				49AB0DE62DB9F81500093075 /* Sources */,
				49AB0DE72DB9F81500093075 /* Frameworks */,
				49AB0DE82DB9F81500093075 /* Resources */,
			);
			buildRules = (
			);
			dependencies = (
			);
			fileSystemSynchronizedGroups = (
				49AB0DEC2DB9F81500093075 /* HackProject */,
			);
			name = HackProject;
			packageProductDependencies = (
			);
			productName = HackProject;
			productReference = 49AB0DEA2DB9F81500093075 /* HackProject.app */;
			productType = "com.apple.product-type.application";
		};
		49AB0DF62DB9F81600093075 /* HackProjectTests */ = {
			isa = PBXNativeTarget;
			buildConfigurationList = 49AB0E0E2DB9F81600093075 /* Build configuration list for PBXNativeTarget "HackProjectTests" */;
			buildPhases = (
				49AB0DF32DB9F81600093075 /* Sources */,
				49AB0DF42DB9F81600093075 /* Frameworks */,
				49AB0DF52DB9F81600093075 /* Resources */,
			);
			buildRules = (
			);
			dependencies = (
				49AB0DF92DB9F81600093075 /* PBXTargetDependency */,
			);
			fileSystemSynchronizedGroups = (
				49AB0DFA2DB9F81600093075 /* HackProjectTests */,
			);
			name = HackProjectTests;
			packageProductDependencies = (
			);
			productName = HackProjectTests;
			productReference = 49AB0DF72DB9F81600093075 /* HackProjectTests.xctest */;
			productType = "com.apple.product-type.bundle.unit-test";
		};
		49AB0E002DB9F81600093075 /* HackProjectUITests */ = {
			isa = PBXNativeTarget;
			buildConfigurationList = 49AB0E112DB9F81600093075 /* Build configuration list for PBXNativeTarget "HackProjectUITests" */;
			buildPhases = (
				49AB0DFD2DB9F81600093075 /* Sources */,
				49AB0DFE2DB9F81600093075 /* Frameworks */,
				49AB0DFF2DB9F81600093075 /* Resources */,
			);
			buildRules = (
			);
			dependencies = (
				49AB0E032DB9F81600093075 /* PBXTargetDependency */,
			);
			fileSystemSynchronizedGroups = (
				49AB0E042DB9F81600093075 /* HackProjectUITests */,
			);
			name = HackProjectUITests;
			packageProductDependencies = (
			);
			productName = HackProjectUITests;
			productReference = 49AB0E012DB9F81600093075 /* HackProjectUITests.xctest */;
			productType = "com.apple.product-type.bundle.ui-testing";
		};
/* End PBXNativeTarget section */

/* Begin PBXProject section */
		49AB0DE22DB9F81500093075 /* Project object */ = {
			isa = PBXProject;
			attributes = {
				BuildIndependentTargetsInParallel = 1;
				LastSwiftUpdateCheck = 1630;
				LastUpgradeCheck = 1630;
				TargetAttributes = {
					49AB0DE92DB9F81500093075 = {
						CreatedOnToolsVersion = 16.3;
					};
					49AB0DF62DB9F81600093075 = {
						CreatedOnToolsVersion = 16.3;
						TestTargetID = 49AB0DE92DB9F81500093075;
					};
					49AB0E002DB9F81600093075 = {
						CreatedOnToolsVersion = 16.3;
						TestTargetID = 49AB0DE92DB9F81500093075;
					};
				};
			};
			buildConfigurationList = 49AB0DE52DB9F81500093075 /* Build configuration list for PBXProject "HackProject" */;
			developmentRegion = en;
			hasScannedForEncodings = 0;
			knownRegions = (
				en,
				Base,
			);
			mainGroup = 49AB0DE12DB9F81500093075;
			minimizedProjectReferenceProxies = 1;
			packageReferences = (
				49B64F2F2DC17F2400F165C2 /* XCLocalSwiftPackageReference "../../../Downloads/Alamofire-master" */,
			);
			preferredProjectObjectVersion = 77;
			productRefGroup = 49AB0DEB2DB9F81500093075 /* Products */;
			projectDirPath = "";
			projectRoot = "";
			targets = (
				49AB0DE92DB9F81500093075 /* HackProject */,
				49AB0DF62DB9F81600093075 /* HackProjectTests */,
				49AB0E002DB9F81600093075 /* HackProjectUITests */,
			);
		};
/* End PBXProject section */

/* Begin PBXResourcesBuildPhase section */
		49AB0DE82DB9F81500093075 /* Resources */ = {
			isa = PBXResourcesBuildPhase;
			buildActionMask = 2147483647;
			files = (
			);
			runOnlyForDeploymentPostprocessing = 0;
		};
		49AB0DF52DB9F81600093075 /* Resources */ = {
			isa = PBXResourcesBuildPhase;
			buildActionMask = 2147483647;
			files = (
			);
			runOnlyForDeploymentPostprocessing = 0;
		};
		49AB0DFF2DB9F81600093075 /* Resources */ = {
			isa = PBXResourcesBuildPhase;
			buildActionMask = 2147483647;
			files = (
			);
			runOnlyForDeploymentPostprocessing = 0;
		};
/* End PBXResourcesBuildPhase section */

/* Begin PBXSourcesBuildPhase section */
		49AB0DE62DB9F81500093075 /* Sources */ = {
			isa = PBXSourcesBuildPhase;
			buildActionMask = 2147483647;
			files = (
			);
			runOnlyForDeploymentPostprocessing = 0;
		};
		49AB0DF32DB9F81600093075 /* Sources */ = {
			isa = PBXSourcesBuildPhase;
			buildActionMask = 2147483647;
			files = (
			);
			runOnlyForDeploymentPostprocessing = 0;
		};
		49AB0DFD2DB9F81600093075 /* Sources */ = {
			isa = PBXSourcesBuildPhase;
			buildActionMask = 2147483647;
			files = (
			);
			runOnlyForDeploymentPostprocessing = 0;
		};
/* End PBXSourcesBuildPhase section */

/* Begin PBXTargetDependency section */
		49AB0DF92DB9F81600093075 /* PBXTargetDependency */ = {
			isa = PBXTargetDependency;
			target = 49AB0DE92DB9F81500093075 /* HackProject */;
			targetProxy = 49AB0DF82DB9F81600093075 /* PBXContainerItemProxy */;
		};
		49AB0E032DB9F81600093075 /* PBXTargetDependency */ = {
			isa = PBXTargetDependency;
			target = 49AB0DE92DB9F81500093075 /* HackProject */;
			targetProxy = 49AB0E022DB9F81600093075 /* PBXContainerItemProxy */;
		};
/* End PBXTargetDependency section */

/* Begin XCBuildConfiguration section */
		49AB0E092DB9F81600093075 /* Debug */ = {
			isa = XCBuildConfiguration;
			buildSettings = {
				ALWAYS_SEARCH_USER_PATHS = NO;
				ASSETCATALOG_COMPILER_GENERATE_SWIFT_ASSET_SYMBOL_EXTENSIONS = YES;
				CLANG_ANALYZER_NONNULL = YES;
				CLANG_ANALYZER_NUMBER_OBJECT_CONVERSION = YES_AGGRESSIVE;
				CLANG_CXX_LANGUAGE_STANDARD = "gnu++20";
				CLANG_ENABLE_MODULES = YES;
				CLANG_ENABLE_OBJC_ARC = YES;
				CLANG_ENABLE_OBJC_WEAK = YES;
				CLANG_WARN_BLOCK_CAPTURE_AUTORELEASING = YES;
				CLANG_WARN_BOOL_CONVERSION = YES;
				CLANG_WARN_COMMA = YES;
				CLANG_WARN_CONSTANT_CONVERSION = YES;
				CLANG_WARN_DEPRECATED_OBJC_IMPLEMENTATIONS = YES;
				CLANG_WARN_DIRECT_OBJC_ISA_USAGE = YES_ERROR;
				CLANG_WARN_DOCUMENTATION_COMMENTS = YES;
				CLANG_WARN_EMPTY_BODY = YES;
				CLANG_WARN_ENUM_CONVERSION = YES;
				CLANG_WARN_INFINITE_RECURSION = YES;
				CLANG_WARN_INT_CONVERSION = YES;
				CLANG_WARN_NON_LITERAL_NULL_CONVERSION = YES;
				CLANG_WARN_OBJC_IMPLICIT_RETAIN_SELF = YES;
				CLANG_WARN_OBJC_LITERAL_CONVERSION = YES;
				CLANG_WARN_OBJC_ROOT_CLASS = YES_ERROR;
				CLANG_WARN_QUOTED_INCLUDE_IN_FRAMEWORK_HEADER = YES;
				CLANG_WARN_RANGE_LOOP_ANALYSIS = YES;
				CLANG_WARN_STRICT_PROTOTYPES = YES;
				CLANG_WARN_SUSPICIOUS_MOVE = YES;
				CLANG_WARN_UNGUARDED_AVAILABILITY = YES_AGGRESSIVE;
				CLANG_WARN_UNREACHABLE_CODE = YES;
				CLANG_WARN__DUPLICATE_METHOD_MATCH = YES;
				COPY_PHASE_STRIP = NO;
				DEBUG_INFORMATION_FORMAT = dwarf;
				DEVELOPMENT_TEAM = 3NFUYR892M;
				ENABLE_STRICT_OBJC_MSGSEND = YES;
				ENABLE_TESTABILITY = YES;
				ENABLE_USER_SCRIPT_SANDBOXING = YES;
				GCC_C_LANGUAGE_STANDARD = gnu17;
				GCC_DYNAMIC_NO_PIC = NO;
				GCC_NO_COMMON_BLOCKS = YES;
				GCC_OPTIMIZATION_LEVEL = 0;
				GCC_PREPROCESSOR_DEFINITIONS = (
					"DEBUG=1",
					"$(inherited)",
				);
				GCC_WARN_64_TO_32_BIT_CONVERSION = YES;
				GCC_WARN_ABOUT_RETURN_TYPE = YES_ERROR;
				GCC_WARN_UNDECLARED_SELECTOR = YES;
				GCC_WARN_UNINITIALIZED_AUTOS = YES_AGGRESSIVE;
				GCC_WARN_UNUSED_FUNCTION = YES;
				GCC_WARN_UNUSED_VARIABLE = YES;
				IPHONEOS_DEPLOYMENT_TARGET = 18.4;
				LOCALIZATION_PREFERS_STRING_CATALOGS = YES;
				MTL_ENABLE_DEBUG_INFO = INCLUDE_SOURCE;
				MTL_FAST_MATH = YES;
				ONLY_ACTIVE_ARCH = YES;
				SDKROOT = iphoneos;
				SWIFT_ACTIVE_COMPILATION_CONDITIONS = "DEBUG $(inherited)";
				SWIFT_OPTIMIZATION_LEVEL = "-Onone";
			};
			name = Debug;
		};
		49AB0E0A2DB9F81600093075 /* Release */ = {
			isa = XCBuildConfiguration;
			buildSettings = {
				ALWAYS_SEARCH_USER_PATHS = NO;
				ASSETCATALOG_COMPILER_GENERATE_SWIFT_ASSET_SYMBOL_EXTENSIONS = YES;
				CLANG_ANALYZER_NONNULL = YES;
				CLANG_ANALYZER_NUMBER_OBJECT_CONVERSION = YES_AGGRESSIVE;
				CLANG_CXX_LANGUAGE_STANDARD = "gnu++20";
				CLANG_ENABLE_MODULES = YES;
				CLANG_ENABLE_OBJC_ARC = YES;
				CLANG_ENABLE_OBJC_WEAK = YES;
				CLANG_WARN_BLOCK_CAPTURE_AUTORELEASING = YES;
				CLANG_WARN_BOOL_CONVERSION = YES;
				CLANG_WARN_COMMA = YES;
				CLANG_WARN_CONSTANT_CONVERSION = YES;
				CLANG_WARN_DEPRECATED_OBJC_IMPLEMENTATIONS = YES;
				CLANG_WARN_DIRECT_OBJC_ISA_USAGE = YES_ERROR;
				CLANG_WARN_DOCUMENTATION_COMMENTS = YES;
				CLANG_WARN_EMPTY_BODY = YES;
				CLANG_WARN_ENUM_CONVERSION = YES;
				CLANG_WARN_INFINITE_RECURSION = YES;
				CLANG_WARN_INT_CONVERSION = YES;
				CLANG_WARN_NON_LITERAL_NULL_CONVERSION = YES;
				CLANG_WARN_OBJC_IMPLICIT_RETAIN_SELF = YES;
				CLANG_WARN_OBJC_LITERAL_CONVERSION = YES;
				CLANG_WARN_OBJC_ROOT_CLASS = YES_ERROR;
				CLANG_WARN_QUOTED_INCLUDE_IN_FRAMEWORK_HEADER = YES;
				CLANG_WARN_RANGE_LOOP_ANALYSIS = YES;
				CLANG_WARN_STRICT_PROTOTYPES = YES;
				CLANG_WARN_SUSPICIOUS_MOVE = YES;
				CLANG_WARN_UNGUARDED_AVAILABILITY = YES_AGGRESSIVE;
				CLANG_WARN_UNREACHABLE_CODE = YES;
				CLANG_WARN__DUPLICATE_METHOD_MATCH = YES;
				COPY_PHASE_STRIP = NO;
				DEBUG_INFORMATION_FORMAT = "dwarf-with-dsym";
				DEVELOPMENT_TEAM = 3NFUYR892M;
				ENABLE_NS_ASSERTIONS = NO;
				ENABLE_STRICT_OBJC_MSGSEND = YES;
				ENABLE_USER_SCRIPT_SANDBOXING = YES;
				GCC_C_LANGUAGE_STANDARD = gnu17;
				GCC_NO_COMMON_BLOCKS = YES;
				GCC_WARN_64_TO_32_BIT_CONVERSION = YES;
				GCC_WARN_ABOUT_RETURN_TYPE = YES_ERROR;
				GCC_WARN_UNDECLARED_SELECTOR = YES;
				GCC_WARN_UNINITIALIZED_AUTOS = YES_AGGRESSIVE;
				GCC_WARN_UNUSED_FUNCTION = YES;
				GCC_WARN_UNUSED_VARIABLE = YES;
				IPHONEOS_DEPLOYMENT_TARGET = 18.4;
				LOCALIZATION_PREFERS_STRING_CATALOGS = YES;
				MTL_ENABLE_DEBUG_INFO = NO;
				MTL_FAST_MATH = YES;
				SDKROOT = iphoneos;
				SWIFT_COMPILATION_MODE = wholemodule;
				VALIDATE_PRODUCT = YES;
			};
			name = Release;
		};
		49AB0E0C2DB9F81600093075 /* Debug */ = {
			isa = XCBuildConfiguration;
			buildSettings = {
				ASSETCATALOG_COMPILER_APPICON_NAME = AppIcon;
				ASSETCATALOG_COMPILER_GLOBAL_ACCENT_COLOR_NAME = AccentColor;
				CODE_SIGN_STYLE = Automatic;
				CURRENT_PROJECT_VERSION = 1;
				DEVELOPMENT_TEAM = 3NFUYR892M;
				ENABLE_PREVIEWS = YES;
				GENERATE_INFOPLIST_FILE = YES;
				INFOPLIST_KEY_UIApplicationSceneManifest_Generation = YES;
				INFOPLIST_KEY_UIApplicationSupportsIndirectInputEvents = YES;
				INFOPLIST_KEY_UILaunchScreen_Generation = YES;
				INFOPLIST_KEY_UISupportedInterfaceOrientations_iPad = "UIInterfaceOrientationPortrait UIInterfaceOrientationPortraitUpsideDown UIInterfaceOrientationLandscapeLeft UIInterfaceOrientationLandscapeRight";
				INFOPLIST_KEY_UISupportedInterfaceOrientations_iPhone = "UIInterfaceOrientationPortrait UIInterfaceOrientationLandscapeLeft UIInterfaceOrientationLandscapeRight";
				IPHONEOS_DEPLOYMENT_TARGET = 18.0;
				LD_RUNPATH_SEARCH_PATHS = (
					"$(inherited)",
					"@executable_path/Frameworks",
				);
				MARKETING_VERSION = 1.0;
				PRODUCT_BUNDLE_IDENTIFIER = aghamatlab.HackProject;
				PRODUCT_NAME = "$(TARGET_NAME)";
				SWIFT_EMIT_LOC_STRINGS = YES;
				SWIFT_VERSION = 5.0;
				TARGETED_DEVICE_FAMILY = "1,2";
			};
			name = Debug;
		};
		49AB0E0D2DB9F81600093075 /* Release */ = {
			isa = XCBuildConfiguration;
			buildSettings = {
				ASSETCATALOG_COMPILER_APPICON_NAME = AppIcon;
				ASSETCATALOG_COMPILER_GLOBAL_ACCENT_COLOR_NAME = AccentColor;
				CODE_SIGN_STYLE = Automatic;
				CURRENT_PROJECT_VERSION = 1;
				DEVELOPMENT_TEAM = 3NFUYR892M;
				ENABLE_PREVIEWS = YES;
				GENERATE_INFOPLIST_FILE = YES;
				INFOPLIST_KEY_UIApplicationSceneManifest_Generation = YES;
				INFOPLIST_KEY_UIApplicationSupportsIndirectInputEvents = YES;
				INFOPLIST_KEY_UILaunchScreen_Generation = YES;
				INFOPLIST_KEY_UISupportedInterfaceOrientations_iPad = "UIInterfaceOrientationPortrait UIInterfaceOrientationPortraitUpsideDown UIInterfaceOrientationLandscapeLeft UIInterfaceOrientationLandscapeRight";
				INFOPLIST_KEY_UISupportedInterfaceOrientations_iPhone = "UIInterfaceOrientationPortrait UIInterfaceOrientationLandscapeLeft UIInterfaceOrientationLandscapeRight";
				IPHONEOS_DEPLOYMENT_TARGET = 18.0;
				LD_RUNPATH_SEARCH_PATHS = (
					"$(inherited)",
					"@executable_path/Frameworks",
				);
				MARKETING_VERSION = 1.0;
				PRODUCT_BUNDLE_IDENTIFIER = aghamatlab.HackProject;
				PRODUCT_NAME = "$(TARGET_NAME)";
				SWIFT_EMIT_LOC_STRINGS = YES;
				SWIFT_VERSION = 5.0;
				TARGETED_DEVICE_FAMILY = "1,2";
			};
			name = Release;
		};
		49AB0E0F2DB9F81600093075 /* Debug */ = {
			isa = XCBuildConfiguration;
			buildSettings = {
				BUNDLE_LOADER = "$(TEST_HOST)";
				CODE_SIGN_STYLE = Automatic;
				CURRENT_PROJECT_VERSION = 1;
				DEVELOPMENT_TEAM = 3NFUYR892M;
				GENERATE_INFOPLIST_FILE = YES;
				IPHONEOS_DEPLOYMENT_TARGET = 18.4;
				MARKETING_VERSION = 1.0;
				PRODUCT_BUNDLE_IDENTIFIER = aghamatlab.HackProjectTests;
				PRODUCT_NAME = "$(TARGET_NAME)";
				SWIFT_EMIT_LOC_STRINGS = NO;
				SWIFT_VERSION = 5.0;
				TARGETED_DEVICE_FAMILY = "1,2";
				TEST_HOST = "$(BUILT_PRODUCTS_DIR)/HackProject.app/$(BUNDLE_EXECUTABLE_FOLDER_PATH)/HackProject";
			};
			name = Debug;
		};
		49AB0E102DB9F81600093075 /* Release */ = {
			isa = XCBuildConfiguration;
			buildSettings = {
				BUNDLE_LOADER = "$(TEST_HOST)";
				CODE_SIGN_STYLE = Automatic;
				CURRENT_PROJECT_VERSION = 1;
				DEVELOPMENT_TEAM = 3NFUYR892M;
				GENERATE_INFOPLIST_FILE = YES;
				IPHONEOS_DEPLOYMENT_TARGET = 18.4;
				MARKETING_VERSION = 1.0;
				PRODUCT_BUNDLE_IDENTIFIER = aghamatlab.HackProjectTests;
				PRODUCT_NAME = "$(TARGET_NAME)";
				SWIFT_EMIT_LOC_STRINGS = NO;
				SWIFT_VERSION = 5.0;
				TARGETED_DEVICE_FAMILY = "1,2";
				TEST_HOST = "$(BUILT_PRODUCTS_DIR)/HackProject.app/$(BUNDLE_EXECUTABLE_FOLDER_PATH)/HackProject";
			};
			name = Release;
		};
		49AB0E122DB9F81600093075 /* Debug */ = {
			isa = XCBuildConfiguration;
			buildSettings = {
				CODE_SIGN_STYLE = Automatic;
				CURRENT_PROJECT_VERSION = 1;
				DEVELOPMENT_TEAM = 3NFUYR892M;
				GENERATE_INFOPLIST_FILE = YES;
				MARKETING_VERSION = 1.0;
				PRODUCT_BUNDLE_IDENTIFIER = aghamatlab.HackProjectUITests;
				PRODUCT_NAME = "$(TARGET_NAME)";
				SWIFT_EMIT_LOC_STRINGS = NO;
				SWIFT_VERSION = 5.0;
				TARGETED_DEVICE_FAMILY = "1,2";
				TEST_TARGET_NAME = HackProject;
			};
			name = Debug;
		};
		49AB0E132DB9F81600093075 /* Release */ = {
			isa = XCBuildConfiguration;
			buildSettings = {
				CODE_SIGN_STYLE = Automatic;
				CURRENT_PROJECT_VERSION = 1;
				DEVELOPMENT_TEAM = 3NFUYR892M;
				GENERATE_INFOPLIST_FILE = YES;
				MARKETING_VERSION = 1.0;
				PRODUCT_BUNDLE_IDENTIFIER = aghamatlab.HackProjectUITests;
				PRODUCT_NAME = "$(TARGET_NAME)";
				SWIFT_EMIT_LOC_STRINGS = NO;
				SWIFT_VERSION = 5.0;
				TARGETED_DEVICE_FAMILY = "1,2";
				TEST_TARGET_NAME = HackProject;
			};
			name = Release;
		};
/* End XCBuildConfiguration section */

/* Begin XCConfigurationList section */
		49AB0DE52DB9F81500093075 /* Build configuration list for PBXProject "HackProject" */ = {
			isa = XCConfigurationList;
			buildConfigurations = (
				49AB0E092DB9F81600093075 /* Debug */,
				49AB0E0A2DB9F81600093075 /* Release */,
			);
			defaultConfigurationIsVisible = 0;
			defaultConfigurationName = Release;
		};
		49AB0E0B2DB9F81600093075 /* Build configuration list for PBXNativeTarget "HackProject" */ = {
			isa = XCConfigurationList;
			buildConfigurations = (
				49AB0E0C2DB9F81600093075 /* Debug */,
				49AB0E0D2DB9F81600093075 /* Release */,
			);
			defaultConfigurationIsVisible = 0;
			defaultConfigurationName = Release;
		};
		49AB0E0E2DB9F81600093075 /* Build configuration list for PBXNativeTarget "HackProjectTests" */ = {
			isa = XCConfigurationList;
			buildConfigurations = (
				49AB0E0F2DB9F81600093075 /* Debug */,
				49AB0E102DB9F81600093075 /* Release */,
			);
			defaultConfigurationIsVisible = 0;
			defaultConfigurationName = Release;
		};
		49AB0E112DB9F81600093075 /* Build configuration list for PBXNativeTarget "HackProjectUITests" */ = {
			isa = XCConfigurationList;
			buildConfigurations = (
				49AB0E122DB9F81600093075 /* Debug */,
				49AB0E132DB9F81600093075 /* Release */,
			);
			defaultConfigurationIsVisible = 0;
			defaultConfigurationName = Release;
		};
/* End XCConfigurationList section */

/* Begin XCLocalSwiftPackageReference section */
		49B64F2F2DC17F2400F165C2 /* XCLocalSwiftPackageReference "../../../Downloads/Alamofire-master" */ = {
			isa = XCLocalSwiftPackageReference;
			relativePath = "../../../Downloads/Alamofire-master";
		};
/* End XCLocalSwiftPackageReference section */
	};
	rootObject = 49AB0DE22DB9F81500093075 /* Project object */;
}
