// !$*UTF8*$!
{
	archiveVersion = 1;
	classes = {
	};
	objectVersion = 54;
	objects = {

/* Begin PBXBuildFile section */
		2E07F6082AF1CFFD00395214 /* Alamofire in Frameworks */ = {isa = PBXBuildFile; productRef = 2E07F6072AF1CFFD00395214 /* Alamofire */; };
		2E07F60B2AF1D01E00395214 /* SnapKit in Frameworks */ = {isa = PBXBuildFile; productRef = 2E07F60A2AF1D01E00395214 /* SnapKit */; };
		2E07F6102AF1D03B00395214 /* SDWebImage in Frameworks */ = {isa = PBXBuildFile; productRef = 2E07F60F2AF1D03B00395214 /* SDWebImage */; };
		2E07F6122AF1D03B00395214 /* SDWebImageMapKit in Frameworks */ = {isa = PBXBuildFile; productRef = 2E07F6112AF1D03B00395214 /* SDWebImageMapKit */; };
		2E07F6152AF1D05700395214 /* UIFont+Extension.swift in Sources */ = {isa = PBXBuildFile; fileRef = 2E07F6142AF1D05700395214 /* UIFont+Extension.swift */; };
		2E07F6172AF1D06A00395214 /* UIColor+Extension.swift in Sources */ = {isa = PBXBuildFile; fileRef = 2E07F6162AF1D06A00395214 /* UIColor+Extension.swift */; };
		2E07F6192AF1D09200395214 /* ViewController.swift in Sources */ = {isa = PBXBuildFile; fileRef = 2E07F6182AF1D09200395214 /* ViewController.swift */; };
		2ED7005A2AF1CF5600B7C687 /* SceneDelegate.swift in Sources */ = {isa = PBXBuildFile; fileRef = 2ED700592AF1CF5600B7C687 /* SceneDelegate.swift */; };
		2ED700612AF1CF5700B7C687 /* Assets.xcassets in Resources */ = {isa = PBXBuildFile; fileRef = 2ED700602AF1CF5700B7C687 /* Assets.xcassets */; };
		2ED700642AF1CF5700B7C687 /* LaunchScreen.storyboard in Resources */ = {isa = PBXBuildFile; fileRef = 2ED700622AF1CF5700B7C687 /* LaunchScreen.storyboard */; };
		4918533B2DC4B6E700EAA794 /* AnimatedText.swift in Sources */ = {isa = PBXBuildFile; fileRef = 4918533A2DC4B6E200EAA794 /* AnimatedText.swift */; };
		4918533D2DC5640E00EAA794 /* ProfileImageVIew.swift in Sources */ = {isa = PBXBuildFile; fileRef = 4918533C2DC5640300EAA794 /* ProfileImageVIew.swift */; };
		4918533F2DC57E4400EAA794 /* EateryView.swift in Sources */ = {isa = PBXBuildFile; fileRef = 4918533E2DC57E4100EAA794 /* EateryView.swift */; };
		491853422DC586CF00EAA794 /* MarkdownUI in Frameworks */ = {isa = PBXBuildFile; productRef = 491853412DC586CF00EAA794 /* MarkdownUI */; };
		491853482DC5993900EAA794 /* WeeklyWorkoutView.swift in Sources */ = {isa = PBXBuildFile; fileRef = 491853472DC5993900EAA794 /* WeeklyWorkoutView.swift */; };
		491853762DC5CB7B00EAA794 /* MuscleSelectionView.swift in Sources */ = {isa = PBXBuildFile; fileRef = 491853652DC5CB7B00EAA794 /* MuscleSelectionView.swift */; };
		491853772DC5CB7B00EAA794 /* ThemeSettingsView.swift in Sources */ = {isa = PBXBuildFile; fileRef = 4918536E2DC5CB7B00EAA794 /* ThemeSettingsView.swift */; };
		491853782DC5CB7B00EAA794 /* ThemeManager.swift in Sources */ = {isa = PBXBuildFile; fileRef = 4918536D2DC5CB7B00EAA794 /* ThemeManager.swift */; };
		491853792DC5CB7B00EAA794 /* LoginView.swift in Sources */ = {isa = PBXBuildFile; fileRef = 491853602DC5CB7B00EAA794 /* LoginView.swift */; };
		4918537A2DC5CB7B00EAA794 /* MeshGradientBackground.swift in Sources */ = {isa = PBXBuildFile; fileRef = 491853622DC5CB7B00EAA794 /* MeshGradientBackground.swift */; };
		4918537B2DC5CB7B00EAA794 /* EateryView.swift in Sources */ = {isa = PBXBuildFile; fileRef = 491853572DC5CB7B00EAA794 /* EateryView.swift */; };
		4918537C2DC5CB7B00EAA794 /* HomeView.swift in Sources */ = {isa = PBXBuildFile; fileRef = 4918535D2DC5CB7B00EAA794 /* HomeView.swift */; };
		4918537D2DC5CB7B00EAA794 /* WorkoutHistoryView.swift in Sources */ = {isa = PBXBuildFile; fileRef = 491853742DC5CB7B00EAA794 /* WorkoutHistoryView.swift */; };
		4918537E2DC5CB7B00EAA794 /* TestView.swift in Sources */ = {isa = PBXBuildFile; fileRef = 4918536B2DC5CB7B00EAA794 /* TestView.swift */; };
		4918537F2DC5CB7B00EAA794 /* Untitled 2.swift in Sources */ = {isa = PBXBuildFile; fileRef = 491853702DC5CB7B00EAA794 /* Untitled 2.swift */; };
		491853802DC5CB7B00EAA794 /* ViewController.swift in Sources */ = {isa = PBXBuildFile; fileRef = 491853712DC5CB7B00EAA794 /* ViewController.swift */; };
		491853812DC5CB7B00EAA794 /* AppDelegate.swift in Sources */ = {isa = PBXBuildFile; fileRef = 491853512DC5CB7B00EAA794 /* AppDelegate.swift */; };
		491853822DC5CB7B00EAA794 /* ExerciseView.swift in Sources */ = {isa = PBXBuildFile; fileRef = 491853582DC5CB7B00EAA794 /* ExerciseView.swift */; };
		491853832DC5CB7B00EAA794 /* HackProjectApp.swift in Sources */ = {isa = PBXBuildFile; fileRef = 4918535C2DC5CB7B00EAA794 /* HackProjectApp.swift */; };
		491853842DC5CB7B00EAA794 /* ContentView.swift in Sources */ = {isa = PBXBuildFile; fileRef = 491853562DC5CB7B00EAA794 /* ContentView.swift */; };
		491853852DC5CB7B00EAA794 /* Untitled.swift in Sources */ = {isa = PBXBuildFile; fileRef = 4918536F2DC5CB7B00EAA794 /* Untitled.swift */; };
		491853862DC5CB7B00EAA794 /* UIColor+Extension.swift in Sources */ = {isa = PBXBuildFile; fileRef = 491853592DC5CB7B00EAA794 /* UIColor+Extension.swift */; };
		491853872DC5CB7B00EAA794 /* MusclePreview.swift in Sources */ = {isa = PBXBuildFile; fileRef = 491853642DC5CB7B00EAA794 /* MusclePreview.swift */; };
		491853882DC5CB7B00EAA794 /* WorkoutEditorView.swift in Sources */ = {isa = PBXBuildFile; fileRef = 491853732DC5CB7B00EAA794 /* WorkoutEditorView.swift */; };
		491853892DC5CB7B00EAA794 /* NetworkManager.swift in Sources */ = {isa = PBXBuildFile; fileRef = 491853662DC5CB7B00EAA794 /* NetworkManager.swift */; };
		4918538A2DC5CB7B00EAA794 /* MainApp.swift in Sources */ = {isa = PBXBuildFile; fileRef = 491853612DC5CB7B00EAA794 /* MainApp.swift */; };
		4918538B2DC5CB7B00EAA794 /* ProfileView.swift in Sources */ = {isa = PBXBuildFile; fileRef = 491853682DC5CB7B00EAA794 /* ProfileView.swift */; };
		4918538C2DC5CB7B00EAA794 /* SocialFeedView.swift in Sources */ = {isa = PBXBuildFile; fileRef = 4918536A2DC5CB7B00EAA794 /* SocialFeedView.swift */; };
		4918538D2DC5CB7B00EAA794 /* ProfileImageVIew.swift in Sources */ = {isa = PBXBuildFile; fileRef = 491853672DC5CB7B00EAA794 /* ProfileImageVIew.swift */; };
		4918538E2DC5CB7B00EAA794 /* HumanModelView.swift in Sources */ = {isa = PBXBuildFile; fileRef = 4918535E2DC5CB7B00EAA794 /* HumanModelView.swift */; };
		4918538F2DC5CB7B00EAA794 /* WorkoutPostCard.swift in Sources */ = {isa = PBXBuildFile; fileRef = 491853752DC5CB7B00EAA794 /* WorkoutPostCard.swift */; };
		491853902DC5CB7B00EAA794 /* TextAnimationDemo.swift in Sources */ = {isa = PBXBuildFile; fileRef = 4918536C2DC5CB7B00EAA794 /* TextAnimationDemo.swift */; };
		491853912DC5CB7B00EAA794 /* SceneDelegate.swift in Sources */ = {isa = PBXBuildFile; fileRef = 491853692DC5CB7B00EAA794 /* SceneDelegate.swift */; };
		491853922DC5CB7B00EAA794 /* AnimatedText.swift in Sources */ = {isa = PBXBuildFile; fileRef = 491853502DC5CB7B00EAA794 /* AnimatedText.swift */; };
		491853932DC5CB7B00EAA794 /* WeeklyWorkoutView.swift in Sources */ = {isa = PBXBuildFile; fileRef = 491853722DC5CB7B00EAA794 /* WeeklyWorkoutView.swift */; };
		491853942DC5CB7B00EAA794 /* UIFont+Extension.swift in Sources */ = {isa = PBXBuildFile; fileRef = 4918535A2DC5CB7B00EAA794 /* UIFont+Extension.swift */; };
		491853952DC5CB7B00EAA794 /* MuscleDetailedView.swift in Sources */ = {isa = PBXBuildFile; fileRef = 491853632DC5CB7B00EAA794 /* MuscleDetailedView.swift */; };
		491853962DC5CB7B00EAA794 /* LaunchScreen.storyboard in Resources */ = {isa = PBXBuildFile; fileRef = 491853542DC5CB7B00EAA794 /* LaunchScreen.storyboard */; };
		491853972DC5CB7B00EAA794 /* Info.plist in Resources */ = {isa = PBXBuildFile; fileRef = 4918535F2DC5CB7B00EAA794 /* Info.plist */; };
		491853982DC5CB7B00EAA794 /* Assets.xcassets in Resources */ = {isa = PBXBuildFile; fileRef = 491853522DC5CB7B00EAA794 /* Assets.xcassets */; };
		4937B4C02DC20E430036192C /* ThemeSettingsView.swift in Sources */ = {isa = PBXBuildFile; fileRef = 4937B4BD2DC20E430036192C /* ThemeSettingsView.swift */; };
		4937B4C12DC20E430036192C /* WorkoutEditorView.swift in Sources */ = {isa = PBXBuildFile; fileRef = 4937B4BE2DC20E430036192C /* WorkoutEditorView.swift */; };
		4937B4C22DC20E430036192C /* MuscleSelectionView.swift in Sources */ = {isa = PBXBuildFile; fileRef = 4937B4B92DC20E430036192C /* MuscleSelectionView.swift */; };
		4937B4C32DC20E430036192C /* MusclePreview.swift in Sources */ = {isa = PBXBuildFile; fileRef = 4937B4B82DC20E430036192C /* MusclePreview.swift */; };
		4937B4C42DC20E430036192C /* ProfileView.swift in Sources */ = {isa = PBXBuildFile; fileRef = 4937B4BB2DC20E430036192C /* ProfileView.swift */; };
		4937B4C52DC20E430036192C /* HumanModelView.swift in Sources */ = {isa = PBXBuildFile; fileRef = 4937B4B62DC20E430036192C /* HumanModelView.swift */; };
		4937B4C62DC20E430036192C /* ExerciseView.swift in Sources */ = {isa = PBXBuildFile; fileRef = 4937B4B32DC20E430036192C /* ExerciseView.swift */; };
		4937B4C72DC20E430036192C /* NetworkManager.swift in Sources */ = {isa = PBXBuildFile; fileRef = 4937B4BA2DC20E430036192C /* NetworkManager.swift */; };
		4937B4C82DC20E430036192C /* MainApp.swift in Sources */ = {isa = PBXBuildFile; fileRef = 4937B4B72DC20E430036192C /* MainApp.swift */; };
		4937B4C92DC20E430036192C /* ContentView.swift in Sources */ = {isa = PBXBuildFile; fileRef = 4937B4B22DC20E430036192C /* ContentView.swift */; };
		4937B4CB2DC20E430036192C /* HomeView.swift in Sources */ = {isa = PBXBuildFile; fileRef = 4937B4B52DC20E430036192C /* HomeView.swift */; };
		4937B4CC2DC20E430036192C /* ThemeManager.swift in Sources */ = {isa = PBXBuildFile; fileRef = 4937B4BC2DC20E430036192C /* ThemeManager.swift */; };
		4937B4CF2DC2B93E0036192C /* TestView.swift in Sources */ = {isa = PBXBuildFile; fileRef = 4937B4CE2DC2B93B0036192C /* TestView.swift */; };
		49D261712DC2C01C00C3570A /* SDWebImageSwiftUI in Frameworks */ = {isa = PBXBuildFile; productRef = 49D261702DC2C01C00C3570A /* SDWebImageSwiftUI */; };
		49D261732DC4845400C3570A /* LoginView.swift in Sources */ = {isa = PBXBuildFile; fileRef = 49D261722DC4845100C3570A /* LoginView.swift */; };
		49D261762DC4892100C3570A /* GoogleSignIn in Frameworks */ = {isa = PBXBuildFile; productRef = 49D261752DC4892100C3570A /* GoogleSignIn */; };
		49D261782DC4892100C3570A /* GoogleSignInSwift in Frameworks */ = {isa = PBXBuildFile; productRef = 49D261772DC4892100C3570A /* GoogleSignInSwift */; };
		49D2617C2DC4B57800C3570A /* MeshGradientBackground.swift in Sources */ = {isa = PBXBuildFile; fileRef = 49D2617B2DC4B57300C3570A /* MeshGradientBackground.swift */; };
/* End PBXBuildFile section */

/* Begin PBXFileReference section */
		2E07F6142AF1D05700395214 /* UIFont+Extension.swift */ = {isa = PBXFileReference; lastKnownFileType = sourcecode.swift; path = "UIFont+Extension.swift"; sourceTree = "<group>"; };
		2E07F6162AF1D06A00395214 /* UIColor+Extension.swift */ = {isa = PBXFileReference; lastKnownFileType = sourcecode.swift; path = "UIColor+Extension.swift"; sourceTree = "<group>"; };
		2E07F6182AF1D09200395214 /* ViewController.swift */ = {isa = PBXFileReference; lastKnownFileType = sourcecode.swift; path = ViewController.swift; sourceTree = "<group>"; };
		2ED700542AF1CF5600B7C687 /* A4.app */ = {isa = PBXFileReference; explicitFileType = wrapper.application; includeInIndex = 0; path = A4.app; sourceTree = BUILT_PRODUCTS_DIR; };
		2ED700592AF1CF5600B7C687 /* SceneDelegate.swift */ = {isa = PBXFileReference; lastKnownFileType = sourcecode.swift; path = SceneDelegate.swift; sourceTree = "<group>"; };
		2ED700602AF1CF5700B7C687 /* Assets.xcassets */ = {isa = PBXFileReference; lastKnownFileType = folder.assetcatalog; path = Assets.xcassets; sourceTree = "<group>"; };
		2ED700632AF1CF5700B7C687 /* Base */ = {isa = PBXFileReference; lastKnownFileType = file.storyboard; name = Base; path = Base.lproj/LaunchScreen.storyboard; sourceTree = "<group>"; };
		2ED700652AF1CF5700B7C687 /* Info.plist */ = {isa = PBXFileReference; lastKnownFileType = text.plist.xml; path = Info.plist; sourceTree = "<group>"; };
		4918533A2DC4B6E200EAA794 /* AnimatedText.swift */ = {isa = PBXFileReference; lastKnownFileType = sourcecode.swift; path = AnimatedText.swift; sourceTree = "<group>"; };
		4918533C2DC5640300EAA794 /* ProfileImageVIew.swift */ = {isa = PBXFileReference; lastKnownFileType = sourcecode.swift; path = ProfileImageVIew.swift; sourceTree = "<group>"; };
		4918533E2DC57E4100EAA794 /* EateryView.swift */ = {isa = PBXFileReference; lastKnownFileType = sourcecode.swift; path = EateryView.swift; sourceTree = "<group>"; };
		491853472DC5993900EAA794 /* WeeklyWorkoutView.swift */ = {isa = PBXFileReference; lastKnownFileType = sourcecode.swift; path = WeeklyWorkoutView.swift; sourceTree = "<group>"; };
		491853502DC5CB7B00EAA794 /* AnimatedText.swift */ = {isa = PBXFileReference; lastKnownFileType = sourcecode.swift; path = AnimatedText.swift; sourceTree = "<group>"; };
		491853512DC5CB7B00EAA794 /* AppDelegate.swift */ = {isa = PBXFileReference; lastKnownFileType = sourcecode.swift; path = AppDelegate.swift; sourceTree = "<group>"; };
		491853522DC5CB7B00EAA794 /* Assets.xcassets */ = {isa = PBXFileReference; lastKnownFileType = folder.assetcatalog; path = Assets.xcassets; sourceTree = "<group>"; };
		491853532DC5CB7B00EAA794 /* Base */ = {isa = PBXFileReference; lastKnownFileType = file.storyboard; name = Base; path = LaunchScreen.storyboard; sourceTree = "<group>"; };
		491853562DC5CB7B00EAA794 /* ContentView.swift */ = {isa = PBXFileReference; lastKnownFileType = sourcecode.swift; path = ContentView.swift; sourceTree = "<group>"; };
		491853572DC5CB7B00EAA794 /* EateryView.swift */ = {isa = PBXFileReference; lastKnownFileType = sourcecode.swift; path = EateryView.swift; sourceTree = "<group>"; };
		491853582DC5CB7B00EAA794 /* ExerciseView.swift */ = {isa = PBXFileReference; lastKnownFileType = sourcecode.swift; path = ExerciseView.swift; sourceTree = "<group>"; };
		491853592DC5CB7B00EAA794 /* UIColor+Extension.swift */ = {isa = PBXFileReference; lastKnownFileType = sourcecode.swift; path = "UIColor+Extension.swift"; sourceTree = "<group>"; };
		4918535A2DC5CB7B00EAA794 /* UIFont+Extension.swift */ = {isa = PBXFileReference; lastKnownFileType = sourcecode.swift; path = "UIFont+Extension.swift"; sourceTree = "<group>"; };
		4918535C2DC5CB7B00EAA794 /* HackProjectApp.swift */ = {isa = PBXFileReference; lastKnownFileType = sourcecode.swift; path = HackProjectApp.swift; sourceTree = "<group>"; };
		4918535D2DC5CB7B00EAA794 /* HomeView.swift */ = {isa = PBXFileReference; lastKnownFileType = sourcecode.swift; path = HomeView.swift; sourceTree = "<group>"; };
		4918535E2DC5CB7B00EAA794 /* HumanModelView.swift */ = {isa = PBXFileReference; lastKnownFileType = sourcecode.swift; path = HumanModelView.swift; sourceTree = "<group>"; };
		4918535F2DC5CB7B00EAA794 /* Info.plist */ = {isa = PBXFileReference; lastKnownFileType = text.plist.xml; path = Info.plist; sourceTree = "<group>"; };
		491853602DC5CB7B00EAA794 /* LoginView.swift */ = {isa = PBXFileReference; lastKnownFileType = sourcecode.swift; path = LoginView.swift; sourceTree = "<group>"; };
		491853612DC5CB7B00EAA794 /* MainApp.swift */ = {isa = PBXFileReference; lastKnownFileType = sourcecode.swift; path = MainApp.swift; sourceTree = "<group>"; };
		491853622DC5CB7B00EAA794 /* MeshGradientBackground.swift */ = {isa = PBXFileReference; lastKnownFileType = sourcecode.swift; path = MeshGradientBackground.swift; sourceTree = "<group>"; };
		491853632DC5CB7B00EAA794 /* MuscleDetailedView.swift */ = {isa = PBXFileReference; lastKnownFileType = sourcecode.swift; path = MuscleDetailedView.swift; sourceTree = "<group>"; };
		491853642DC5CB7B00EAA794 /* MusclePreview.swift */ = {isa = PBXFileReference; lastKnownFileType = sourcecode.swift; path = MusclePreview.swift; sourceTree = "<group>"; };
		491853652DC5CB7B00EAA794 /* MuscleSelectionView.swift */ = {isa = PBXFileReference; lastKnownFileType = sourcecode.swift; path = MuscleSelectionView.swift; sourceTree = "<group>"; };
		491853662DC5CB7B00EAA794 /* NetworkManager.swift */ = {isa = PBXFileReference; lastKnownFileType = sourcecode.swift; path = NetworkManager.swift; sourceTree = "<group>"; };
		491853672DC5CB7B00EAA794 /* ProfileImageVIew.swift */ = {isa = PBXFileReference; lastKnownFileType = sourcecode.swift; path = ProfileImageVIew.swift; sourceTree = "<group>"; };
		491853682DC5CB7B00EAA794 /* ProfileView.swift */ = {isa = PBXFileReference; lastKnownFileType = sourcecode.swift; path = ProfileView.swift; sourceTree = "<group>"; };
		491853692DC5CB7B00EAA794 /* SceneDelegate.swift */ = {isa = PBXFileReference; lastKnownFileType = sourcecode.swift; path = SceneDelegate.swift; sourceTree = "<group>"; };
		4918536A2DC5CB7B00EAA794 /* SocialFeedView.swift */ = {isa = PBXFileReference; lastKnownFileType = sourcecode.swift; path = SocialFeedView.swift; sourceTree = "<group>"; };
		4918536B2DC5CB7B00EAA794 /* TestView.swift */ = {isa = PBXFileReference; lastKnownFileType = sourcecode.swift; path = TestView.swift; sourceTree = "<group>"; };
		4918536C2DC5CB7B00EAA794 /* TextAnimationDemo.swift */ = {isa = PBXFileReference; lastKnownFileType = sourcecode.swift; path = TextAnimationDemo.swift; sourceTree = "<group>"; };
		4918536D2DC5CB7B00EAA794 /* ThemeManager.swift */ = {isa = PBXFileReference; lastKnownFileType = sourcecode.swift; path = ThemeManager.swift; sourceTree = "<group>"; };
		4918536E2DC5CB7B00EAA794 /* ThemeSettingsView.swift */ = {isa = PBXFileReference; lastKnownFileType = sourcecode.swift; path = ThemeSettingsView.swift; sourceTree = "<group>"; };
		4918536F2DC5CB7B00EAA794 /* Untitled.swift */ = {isa = PBXFileReference; lastKnownFileType = sourcecode.swift; path = Untitled.swift; sourceTree = "<group>"; };
		491853702DC5CB7B00EAA794 /* Untitled 2.swift */ = {isa = PBXFileReference; lastKnownFileType = sourcecode.swift; path = "Untitled 2.swift"; sourceTree = "<group>"; };
		491853712DC5CB7B00EAA794 /* ViewController.swift */ = {isa = PBXFileReference; lastKnownFileType = sourcecode.swift; path = ViewController.swift; sourceTree = "<group>"; };
		491853722DC5CB7B00EAA794 /* WeeklyWorkoutView.swift */ = {isa = PBXFileReference; lastKnownFileType = sourcecode.swift; path = WeeklyWorkoutView.swift; sourceTree = "<group>"; };
		491853732DC5CB7B00EAA794 /* WorkoutEditorView.swift */ = {isa = PBXFileReference; lastKnownFileType = sourcecode.swift; path = WorkoutEditorView.swift; sourceTree = "<group>"; };
		491853742DC5CB7B00EAA794 /* WorkoutHistoryView.swift */ = {isa = PBXFileReference; lastKnownFileType = sourcecode.swift; path = WorkoutHistoryView.swift; sourceTree = "<group>"; };
		491853752DC5CB7B00EAA794 /* WorkoutPostCard.swift */ = {isa = PBXFileReference; lastKnownFileType = sourcecode.swift; path = WorkoutPostCard.swift; sourceTree = "<group>"; };
		4937B4B22DC20E430036192C /* ContentView.swift */ = {isa = PBXFileReference; lastKnownFileType = sourcecode.swift; path = ContentView.swift; sourceTree = "<group>"; };
		4937B4B32DC20E430036192C /* ExerciseView.swift */ = {isa = PBXFileReference; lastKnownFileType = sourcecode.swift; path = ExerciseView.swift; sourceTree = "<group>"; };
		4937B4B52DC20E430036192C /* HomeView.swift */ = {isa = PBXFileReference; lastKnownFileType = sourcecode.swift; path = HomeView.swift; sourceTree = "<group>"; };
		4937B4B62DC20E430036192C /* HumanModelView.swift */ = {isa = PBXFileReference; lastKnownFileType = sourcecode.swift; path = HumanModelView.swift; sourceTree = "<group>"; };
		4937B4B72DC20E430036192C /* MainApp.swift */ = {isa = PBXFileReference; lastKnownFileType = sourcecode.swift; path = MainApp.swift; sourceTree = "<group>"; };
		4937B4B82DC20E430036192C /* MusclePreview.swift */ = {isa = PBXFileReference; lastKnownFileType = sourcecode.swift; path = MusclePreview.swift; sourceTree = "<group>"; };
		4937B4B92DC20E430036192C /* MuscleSelectionView.swift */ = {isa = PBXFileReference; lastKnownFileType = sourcecode.swift; path = MuscleSelectionView.swift; sourceTree = "<group>"; };
		4937B4BA2DC20E430036192C /* NetworkManager.swift */ = {isa = PBXFileReference; lastKnownFileType = sourcecode.swift; path = NetworkManager.swift; sourceTree = "<group>"; };
		4937B4BB2DC20E430036192C /* ProfileView.swift */ = {isa = PBXFileReference; lastKnownFileType = sourcecode.swift; path = ProfileView.swift; sourceTree = "<group>"; };
		4937B4BC2DC20E430036192C /* ThemeManager.swift */ = {isa = PBXFileReference; lastKnownFileType = sourcecode.swift; path = ThemeManager.swift; sourceTree = "<group>"; };
		4937B4BD2DC20E430036192C /* ThemeSettingsView.swift */ = {isa = PBXFileReference; lastKnownFileType = sourcecode.swift; path = ThemeSettingsView.swift; sourceTree = "<group>"; };
		4937B4BE2DC20E430036192C /* WorkoutEditorView.swift */ = {isa = PBXFileReference; lastKnownFileType = sourcecode.swift; path = WorkoutEditorView.swift; sourceTree = "<group>"; };
		4937B4CE2DC2B93B0036192C /* TestView.swift */ = {isa = PBXFileReference; lastKnownFileType = sourcecode.swift; path = TestView.swift; sourceTree = "<group>"; };
		49D261722DC4845100C3570A /* LoginView.swift */ = {isa = PBXFileReference; lastKnownFileType = sourcecode.swift; path = LoginView.swift; sourceTree = "<group>"; };
		49D2617B2DC4B57300C3570A /* MeshGradientBackground.swift */ = {isa = PBXFileReference; lastKnownFileType = sourcecode.swift; path = MeshGradientBackground.swift; sourceTree = "<group>"; };
/* End PBXFileReference section */

/* Begin PBXFrameworksBuildPhase section */
		2ED700512AF1CF5600B7C687 /* Frameworks */ = {
			isa = PBXFrameworksBuildPhase;
			buildActionMask = 2147483647;
			files = (
				49D261712DC2C01C00C3570A /* SDWebImageSwiftUI in Frameworks */,
				2E07F6082AF1CFFD00395214 /* Alamofire in Frameworks */,
				49D261782DC4892100C3570A /* GoogleSignInSwift in Frameworks */,
				491853422DC586CF00EAA794 /* MarkdownUI in Frameworks */,
				2E07F6122AF1D03B00395214 /* SDWebImageMapKit in Frameworks */,
				2E07F60B2AF1D01E00395214 /* SnapKit in Frameworks */,
				2E07F6102AF1D03B00395214 /* SDWebImage in Frameworks */,
				49D261762DC4892100C3570A /* GoogleSignIn in Frameworks */,
			);
			runOnlyForDeploymentPostprocessing = 0;
		};
/* End PBXFrameworksBuildPhase section */

/* Begin PBXGroup section */
		2E07F6132AF1D04700395214 /* Extensions */ = {
			isa = PBXGroup;
			children = (
				2E07F6162AF1D06A00395214 /* UIColor+Extension.swift */,
				2E07F6142AF1D05700395214 /* UIFont+Extension.swift */,
			);
			path = Extensions;
			sourceTree = "<group>";
		};
		2ED7004B2AF1CF5600B7C687 = {
			isa = PBXGroup;
			children = (
				2ED700562AF1CF5600B7C687 /* A4 */,
				2ED700552AF1CF5600B7C687 /* Products */,
			);
			sourceTree = "<group>";
		};
		2ED700552AF1CF5600B7C687 /* Products */ = {
			isa = PBXGroup;
			children = (
				2ED700542AF1CF5600B7C687 /* A4.app */,
			);
			name = Products;
			sourceTree = "<group>";
		};
		2ED700562AF1CF5600B7C687 /* A4 */ = {
			isa = PBXGroup;
			children = (
				4918533E2DC57E4100EAA794 /* EateryView.swift */,
				4918533C2DC5640300EAA794 /* ProfileImageVIew.swift */,
				4918533A2DC4B6E200EAA794 /* AnimatedText.swift */,
				49D2617B2DC4B57300C3570A /* MeshGradientBackground.swift */,
				491853502DC5CB7B00EAA794 /* AnimatedText.swift */,
				491853512DC5CB7B00EAA794 /* AppDelegate.swift */,
				491853522DC5CB7B00EAA794 /* Assets.xcassets */,
				491853552DC5CB7B00EAA794 /* Base.lproj */,
				491853562DC5CB7B00EAA794 /* ContentView.swift */,
				491853572DC5CB7B00EAA794 /* EateryView.swift */,
				491853582DC5CB7B00EAA794 /* ExerciseView.swift */,
				4918535B2DC5CB7B00EAA794 /* Extensions */,
				4918535C2DC5CB7B00EAA794 /* HackProjectApp.swift */,
				4918535D2DC5CB7B00EAA794 /* HomeView.swift */,
				4918535E2DC5CB7B00EAA794 /* HumanModelView.swift */,
				4918535F2DC5CB7B00EAA794 /* Info.plist */,
				491853602DC5CB7B00EAA794 /* LoginView.swift */,
				491853612DC5CB7B00EAA794 /* MainApp.swift */,
				491853622DC5CB7B00EAA794 /* MeshGradientBackground.swift */,
				491853632DC5CB7B00EAA794 /* MuscleDetailedView.swift */,
				491853642DC5CB7B00EAA794 /* MusclePreview.swift */,
				491853652DC5CB7B00EAA794 /* MuscleSelectionView.swift */,
				491853662DC5CB7B00EAA794 /* NetworkManager.swift */,
				491853672DC5CB7B00EAA794 /* ProfileImageVIew.swift */,
				491853682DC5CB7B00EAA794 /* ProfileView.swift */,
				491853692DC5CB7B00EAA794 /* SceneDelegate.swift */,
				4918536A2DC5CB7B00EAA794 /* SocialFeedView.swift */,
				4918536B2DC5CB7B00EAA794 /* TestView.swift */,
				4918536C2DC5CB7B00EAA794 /* TextAnimationDemo.swift */,
				4918536D2DC5CB7B00EAA794 /* ThemeManager.swift */,
				4918536E2DC5CB7B00EAA794 /* ThemeSettingsView.swift */,
				4918536F2DC5CB7B00EAA794 /* Untitled.swift */,
				491853702DC5CB7B00EAA794 /* Untitled 2.swift */,
				491853712DC5CB7B00EAA794 /* ViewController.swift */,
				491853722DC5CB7B00EAA794 /* WeeklyWorkoutView.swift */,
				491853732DC5CB7B00EAA794 /* WorkoutEditorView.swift */,
				491853742DC5CB7B00EAA794 /* WorkoutHistoryView.swift */,
				491853752DC5CB7B00EAA794 /* WorkoutPostCard.swift */,
				2E07F6132AF1D04700395214 /* Extensions */,
				4937B4B22DC20E430036192C /* ContentView.swift */,
				4937B4B32DC20E430036192C /* ExerciseView.swift */,
				49D261722DC4845100C3570A /* LoginView.swift */,
				4937B4B52DC20E430036192C /* HomeView.swift */,
				4937B4B62DC20E430036192C /* HumanModelView.swift */,
				4937B4B72DC20E430036192C /* MainApp.swift */,
				4937B4B82DC20E430036192C /* MusclePreview.swift */,
				4937B4B92DC20E430036192C /* MuscleSelectionView.swift */,
				4937B4BA2DC20E430036192C /* NetworkManager.swift */,
				4937B4BB2DC20E430036192C /* ProfileView.swift */,
				491853472DC5993900EAA794 /* WeeklyWorkoutView.swift */,
				4937B4BC2DC20E430036192C /* ThemeManager.swift */,
				4937B4BD2DC20E430036192C /* ThemeSettingsView.swift */,
				4937B4BE2DC20E430036192C /* WorkoutEditorView.swift */,
				2ED700592AF1CF5600B7C687 /* SceneDelegate.swift */,
				2E07F6182AF1D09200395214 /* ViewController.swift */,
				2ED700602AF1CF5700B7C687 /* Assets.xcassets */,
				2ED700622AF1CF5700B7C687 /* LaunchScreen.storyboard */,
				4937B4CE2DC2B93B0036192C /* TestView.swift */,
				2ED700652AF1CF5700B7C687 /* Info.plist */,
			);
			path = A4;
			sourceTree = "<group>";
		};
		491853552DC5CB7B00EAA794 /* Base.lproj */ = {
			isa = PBXGroup;
			children = (
				491853542DC5CB7B00EAA794 /* LaunchScreen.storyboard */,
			);
			path = Base.lproj;
			sourceTree = "<group>";
		};
		4918535B2DC5CB7B00EAA794 /* Extensions */ = {
			isa = PBXGroup;
			children = (
				491853592DC5CB7B00EAA794 /* UIColor+Extension.swift */,
				4918535A2DC5CB7B00EAA794 /* UIFont+Extension.swift */,
			);
			path = Extensions;
			sourceTree = "<group>";
		};
/* End PBXGroup section */

/* Begin PBXNativeTarget section */
		2ED700532AF1CF5600B7C687 /* A4 */ = {
			isa = PBXNativeTarget;
			buildConfigurationList = 2ED700682AF1CF5700B7C687 /* Build configuration list for PBXNativeTarget "A4" */;
			buildPhases = (
				2ED700502AF1CF5600B7C687 /* Sources */,
				2ED700512AF1CF5600B7C687 /* Frameworks */,
				2ED700522AF1CF5600B7C687 /* Resources */,
			);
			buildRules = (
			);
			dependencies = (
			);
			name = A4;
			packageProductDependencies = (
				2E07F6072AF1CFFD00395214 /* Alamofire */,
				2E07F60A2AF1D01E00395214 /* SnapKit */,
				2E07F60F2AF1D03B00395214 /* SDWebImage */,
				2E07F6112AF1D03B00395214 /* SDWebImageMapKit */,
				49D261702DC2C01C00C3570A /* SDWebImageSwiftUI */,
				49D261752DC4892100C3570A /* GoogleSignIn */,
				49D261772DC4892100C3570A /* GoogleSignInSwift */,
				491853412DC586CF00EAA794 /* MarkdownUI */,
			);
			productName = A4;
			productReference = 2ED700542AF1CF5600B7C687 /* A4.app */;
			productType = "com.apple.product-type.application";
		};
/* End PBXNativeTarget section */

/* Begin PBXProject section */
		2ED7004C2AF1CF5600B7C687 /* Project object */ = {
			isa = PBXProject;
			attributes = {
				BuildIndependentTargetsInParallel = 1;
				LastSwiftUpdateCheck = 1500;
				LastUpgradeCheck = 1500;
				TargetAttributes = {
					2ED700532AF1CF5600B7C687 = {
						CreatedOnToolsVersion = 15.0;
					};
				};
			};
			buildConfigurationList = 2ED7004F2AF1CF5600B7C687 /* Build configuration list for PBXProject "A4" */;
			compatibilityVersion = "Xcode 12.0";
			developmentRegion = en;
			hasScannedForEncodings = 0;
			knownRegions = (
				en,
				Base,
			);
			mainGroup = 2ED7004B2AF1CF5600B7C687;
			packageReferences = (
				2E07F6062AF1CFFD00395214 /* XCRemoteSwiftPackageReference "Alamofire" */,
				2E07F6092AF1D01E00395214 /* XCRemoteSwiftPackageReference "SnapKit" */,
				2E07F60E2AF1D03B00395214 /* XCRemoteSwiftPackageReference "SDWebImage" */,
				49D2616F2DC2C01C00C3570A /* XCRemoteSwiftPackageReference "SDWebImageSwiftUI" */,
				49D261742DC4892000C3570A /* XCRemoteSwiftPackageReference "GoogleSignIn-iOS" */,
				491853402DC586CF00EAA794 /* XCRemoteSwiftPackageReference "MarkdownUI" */,
			);
			productRefGroup = 2ED700552AF1CF5600B7C687 /* Products */;
			projectDirPath = "";
			projectRoot = "";
			targets = (
				2ED700532AF1CF5600B7C687 /* A4 */,
			);
		};
/* End PBXProject section */

/* Begin PBXResourcesBuildPhase section */
		2ED700522AF1CF5600B7C687 /* Resources */ = {
			isa = PBXResourcesBuildPhase;
			buildActionMask = 2147483647;
			files = (
				2ED700642AF1CF5700B7C687 /* LaunchScreen.storyboard in Resources */,
				2ED700612AF1CF5700B7C687 /* Assets.xcassets in Resources */,
				491853962DC5CB7B00EAA794 /* LaunchScreen.storyboard in Resources */,
				491853972DC5CB7B00EAA794 /* Info.plist in Resources */,
				491853982DC5CB7B00EAA794 /* Assets.xcassets in Resources */,
			);
			runOnlyForDeploymentPostprocessing = 0;
		};
/* End PBXResourcesBuildPhase section */

/* Begin PBXSourcesBuildPhase section */
		2ED700502AF1CF5600B7C687 /* Sources */ = {
			isa = PBXSourcesBuildPhase;
			buildActionMask = 2147483647;
			files = (
				4918533D2DC5640E00EAA794 /* ProfileImageVIew.swift in Sources */,
				4937B4C02DC20E430036192C /* ThemeSettingsView.swift in Sources */,
				4937B4C12DC20E430036192C /* WorkoutEditorView.swift in Sources */,
				4937B4C22DC20E430036192C /* MuscleSelectionView.swift in Sources */,
				4937B4C32DC20E430036192C /* MusclePreview.swift in Sources */,
				4937B4C42DC20E430036192C /* ProfileView.swift in Sources */,
				4937B4C52DC20E430036192C /* HumanModelView.swift in Sources */,
				49D2617C2DC4B57800C3570A /* MeshGradientBackground.swift in Sources */,
				4918533B2DC4B6E700EAA794 /* AnimatedText.swift in Sources */,
				4937B4CF2DC2B93E0036192C /* TestView.swift in Sources */,
				49D261732DC4845400C3570A /* LoginView.swift in Sources */,
				4937B4C62DC20E430036192C /* ExerciseView.swift in Sources */,
				4937B4C72DC20E430036192C /* NetworkManager.swift in Sources */,
				4937B4C82DC20E430036192C /* MainApp.swift in Sources */,
				4937B4C92DC20E430036192C /* ContentView.swift in Sources */,
				4937B4CB2DC20E430036192C /* HomeView.swift in Sources */,
				4937B4CC2DC20E430036192C /* ThemeManager.swift in Sources */,
				4918533F2DC57E4400EAA794 /* EateryView.swift in Sources */,
				491853482DC5993900EAA794 /* WeeklyWorkoutView.swift in Sources */,
				2E07F6192AF1D09200395214 /* ViewController.swift in Sources */,
				2E07F6152AF1D05700395214 /* UIFont+Extension.swift in Sources */,
				2ED7005A2AF1CF5600B7C687 /* SceneDelegate.swift in Sources */,
				2E07F6172AF1D06A00395214 /* UIColor+Extension.swift in Sources */,
				491853762DC5CB7B00EAA794 /* MuscleSelectionView.swift in Sources */,
				491853772DC5CB7B00EAA794 /* ThemeSettingsView.swift in Sources */,
				491853782DC5CB7B00EAA794 /* ThemeManager.swift in Sources */,
				491853792DC5CB7B00EAA794 /* LoginView.swift in Sources */,
				4918537A2DC5CB7B00EAA794 /* MeshGradientBackground.swift in Sources */,
				4918537B2DC5CB7B00EAA794 /* EateryView.swift in Sources */,
				4918537C2DC5CB7B00EAA794 /* HomeView.swift in Sources */,
				4918537D2DC5CB7B00EAA794 /* WorkoutHistoryView.swift in Sources */,
				4918537E2DC5CB7B00EAA794 /* TestView.swift in Sources */,
				4918537F2DC5CB7B00EAA794 /* Untitled 2.swift in Sources */,
				491853802DC5CB7B00EAA794 /* ViewController.swift in Sources */,
				491853812DC5CB7B00EAA794 /* AppDelegate.swift in Sources */,
				491853822DC5CB7B00EAA794 /* ExerciseView.swift in Sources */,
				491853832DC5CB7B00EAA794 /* HackProjectApp.swift in Sources */,
				491853842DC5CB7B00EAA794 /* ContentView.swift in Sources */,
				491853852DC5CB7B00EAA794 /* Untitled.swift in Sources */,
				491853862DC5CB7B00EAA794 /* UIColor+Extension.swift in Sources */,
				491853872DC5CB7B00EAA794 /* MusclePreview.swift in Sources */,
				491853882DC5CB7B00EAA794 /* WorkoutEditorView.swift in Sources */,
				491853892DC5CB7B00EAA794 /* NetworkManager.swift in Sources */,
				4918538A2DC5CB7B00EAA794 /* MainApp.swift in Sources */,
				4918538B2DC5CB7B00EAA794 /* ProfileView.swift in Sources */,
				4918538C2DC5CB7B00EAA794 /* SocialFeedView.swift in Sources */,
				4918538D2DC5CB7B00EAA794 /* ProfileImageVIew.swift in Sources */,
				4918538E2DC5CB7B00EAA794 /* HumanModelView.swift in Sources */,
				4918538F2DC5CB7B00EAA794 /* WorkoutPostCard.swift in Sources */,
				491853902DC5CB7B00EAA794 /* TextAnimationDemo.swift in Sources */,
				491853912DC5CB7B00EAA794 /* SceneDelegate.swift in Sources */,
				491853922DC5CB7B00EAA794 /* AnimatedText.swift in Sources */,
				491853932DC5CB7B00EAA794 /* WeeklyWorkoutView.swift in Sources */,
				491853942DC5CB7B00EAA794 /* UIFont+Extension.swift in Sources */,
				491853952DC5CB7B00EAA794 /* MuscleDetailedView.swift in Sources */,
			);
			runOnlyForDeploymentPostprocessing = 0;
		};
/* End PBXSourcesBuildPhase section */

/* Begin PBXVariantGroup section */
		2ED700622AF1CF5700B7C687 /* LaunchScreen.storyboard */ = {
			isa = PBXVariantGroup;
			children = (
				2ED700632AF1CF5700B7C687 /* Base */,
			);
			name = LaunchScreen.storyboard;
			sourceTree = "<group>";
		};
		491853542DC5CB7B00EAA794 /* LaunchScreen.storyboard */ = {
			isa = PBXVariantGroup;
			children = (
				491853532DC5CB7B00EAA794 /* Base */,
			);
			name = LaunchScreen.storyboard;
			sourceTree = "<group>";
		};
/* End PBXVariantGroup section */

/* Begin XCBuildConfiguration section */
		2ED700662AF1CF5700B7C687 /* Debug */ = {
			isa = XCBuildConfiguration;
			buildSettings = {
				ALWAYS_SEARCH_USER_PATHS = NO;
				ASSETCATALOG_COMPILER_GENERATE_SWIFT_ASSET_SYMBOL_EXTENSIONS = YES;
				CLANG_ANALYZER_NONNULL = YES;
				CLANG_ANALYZER_NUMBER_OBJECT_CONVERSION = YES_AGGRESSIVE;
				CLANG_CXX_LANGUAGE_STANDARD = "gnu++20";
				CLANG_ENABLE_MODULES = YES;
				CLANG_ENABLE_OBJC_ARC = YES;
				CLANG_ENABLE_OBJC_WEAK = YES;
				CLANG_WARN_BLOCK_CAPTURE_AUTORELEASING = YES;
				CLANG_WARN_BOOL_CONVERSION = YES;
				CLANG_WARN_COMMA = YES;
				CLANG_WARN_CONSTANT_CONVERSION = YES;
				CLANG_WARN_DEPRECATED_OBJC_IMPLEMENTATIONS = YES;
				CLANG_WARN_DIRECT_OBJC_ISA_USAGE = YES_ERROR;
				CLANG_WARN_DOCUMENTATION_COMMENTS = YES;
				CLANG_WARN_EMPTY_BODY = YES;
				CLANG_WARN_ENUM_CONVERSION = YES;
				CLANG_WARN_INFINITE_RECURSION = YES;
				CLANG_WARN_INT_CONVERSION = YES;
				CLANG_WARN_NON_LITERAL_NULL_CONVERSION = YES;
				CLANG_WARN_OBJC_IMPLICIT_RETAIN_SELF = YES;
				CLANG_WARN_OBJC_LITERAL_CONVERSION = YES;
				CLANG_WARN_OBJC_ROOT_CLASS = YES_ERROR;
				CLANG_WARN_QUOTED_INCLUDE_IN_FRAMEWORK_HEADER = YES;
				CLANG_WARN_RANGE_LOOP_ANALYSIS = YES;
				CLANG_WARN_STRICT_PROTOTYPES = YES;
				CLANG_WARN_SUSPICIOUS_MOVE = YES;
				CLANG_WARN_UNGUARDED_AVAILABILITY = YES_AGGRESSIVE;
				CLANG_WARN_UNREACHABLE_CODE = YES;
				CLANG_WARN__DUPLICATE_METHOD_MATCH = YES;
				COPY_PHASE_STRIP = NO;
				DEBUG_INFORMATION_FORMAT = dwarf;
				ENABLE_STRICT_OBJC_MSGSEND = YES;
				ENABLE_TESTABILITY = YES;
				ENABLE_USER_SCRIPT_SANDBOXING = YES;
				GCC_C_LANGUAGE_STANDARD = gnu17;
				GCC_DYNAMIC_NO_PIC = NO;
				GCC_NO_COMMON_BLOCKS = YES;
				GCC_OPTIMIZATION_LEVEL = 0;
				GCC_PREPROCESSOR_DEFINITIONS = (
					"DEBUG=1",
					"$(inherited)",
				);
				GCC_WARN_64_TO_32_BIT_CONVERSION = YES;
				GCC_WARN_ABOUT_RETURN_TYPE = YES_ERROR;
				GCC_WARN_UNDECLARED_SELECTOR = YES;
				GCC_WARN_UNINITIALIZED_AUTOS = YES_AGGRESSIVE;
				GCC_WARN_UNUSED_FUNCTION = YES;
				GCC_WARN_UNUSED_VARIABLE = YES;
				IPHONEOS_DEPLOYMENT_TARGET = 13.0;
				LOCALIZATION_PREFERS_STRING_CATALOGS = YES;
				MTL_ENABLE_DEBUG_INFO = INCLUDE_SOURCE;
				MTL_FAST_MATH = YES;
				ONLY_ACTIVE_ARCH = YES;
				SDKROOT = iphoneos;
				SWIFT_ACTIVE_COMPILATION_CONDITIONS = "DEBUG $(inherited)";
				SWIFT_OPTIMIZATION_LEVEL = "-Onone";
			};
			name = Debug;
		};
		2ED700672AF1CF5700B7C687 /* Release */ = {
			isa = XCBuildConfiguration;
			buildSettings = {
				ALWAYS_SEARCH_USER_PATHS = NO;
				ASSETCATALOG_COMPILER_GENERATE_SWIFT_ASSET_SYMBOL_EXTENSIONS = YES;
				CLANG_ANALYZER_NONNULL = YES;
				CLANG_ANALYZER_NUMBER_OBJECT_CONVERSION = YES_AGGRESSIVE;
				CLANG_CXX_LANGUAGE_STANDARD = "gnu++20";
				CLANG_ENABLE_MODULES = YES;
				CLANG_ENABLE_OBJC_ARC = YES;
				CLANG_ENABLE_OBJC_WEAK = YES;
				CLANG_WARN_BLOCK_CAPTURE_AUTORELEASING = YES;
				CLANG_WARN_BOOL_CONVERSION = YES;
				CLANG_WARN_COMMA = YES;
				CLANG_WARN_CONSTANT_CONVERSION = YES;
				CLANG_WARN_DEPRECATED_OBJC_IMPLEMENTATIONS = YES;
				CLANG_WARN_DIRECT_OBJC_ISA_USAGE = YES_ERROR;
				CLANG_WARN_DOCUMENTATION_COMMENTS = YES;
				CLANG_WARN_EMPTY_BODY = YES;
				CLANG_WARN_ENUM_CONVERSION = YES;
				CLANG_WARN_INFINITE_RECURSION = YES;
				CLANG_WARN_INT_CONVERSION = YES;
				CLANG_WARN_NON_LITERAL_NULL_CONVERSION = YES;
				CLANG_WARN_OBJC_IMPLICIT_RETAIN_SELF = YES;
				CLANG_WARN_OBJC_LITERAL_CONVERSION = YES;
				CLANG_WARN_OBJC_ROOT_CLASS = YES_ERROR;
				CLANG_WARN_QUOTED_INCLUDE_IN_FRAMEWORK_HEADER = YES;
				CLANG_WARN_RANGE_LOOP_ANALYSIS = YES;
				CLANG_WARN_STRICT_PROTOTYPES = YES;
				CLANG_WARN_SUSPICIOUS_MOVE = YES;
				CLANG_WARN_UNGUARDED_AVAILABILITY = YES_AGGRESSIVE;
				CLANG_WARN_UNREACHABLE_CODE = YES;
				CLANG_WARN__DUPLICATE_METHOD_MATCH = YES;
				COPY_PHASE_STRIP = NO;
				DEBUG_INFORMATION_FORMAT = "dwarf-with-dsym";
				ENABLE_NS_ASSERTIONS = NO;
				ENABLE_STRICT_OBJC_MSGSEND = YES;
				ENABLE_USER_SCRIPT_SANDBOXING = YES;
				GCC_C_LANGUAGE_STANDARD = gnu17;
				GCC_NO_COMMON_BLOCKS = YES;
				GCC_WARN_64_TO_32_BIT_CONVERSION = YES;
				GCC_WARN_ABOUT_RETURN_TYPE = YES_ERROR;
				GCC_WARN_UNDECLARED_SELECTOR = YES;
				GCC_WARN_UNINITIALIZED_AUTOS = YES_AGGRESSIVE;
				GCC_WARN_UNUSED_FUNCTION = YES;
				GCC_WARN_UNUSED_VARIABLE = YES;
				IPHONEOS_DEPLOYMENT_TARGET = 13.0;
				LOCALIZATION_PREFERS_STRING_CATALOGS = YES;
				MTL_ENABLE_DEBUG_INFO = NO;
				MTL_FAST_MATH = YES;
				SDKROOT = iphoneos;
				SWIFT_COMPILATION_MODE = wholemodule;
				VALIDATE_PRODUCT = YES;
			};
			name = Release;
		};
		2ED700692AF1CF5700B7C687 /* Debug */ = {
			isa = XCBuildConfiguration;
			buildSettings = {
				ASSETCATALOG_COMPILER_APPICON_NAME = AppIcon;
				ASSETCATALOG_COMPILER_GLOBAL_ACCENT_COLOR_NAME = AccentColor;
				CODE_SIGN_STYLE = Automatic;
				CURRENT_PROJECT_VERSION = 1;
				DEVELOPMENT_TEAM = 3NFUYR892M;
				GENERATE_INFOPLIST_FILE = YES;
				INFOPLIST_FILE = A4/Info.plist;
				INFOPLIST_KEY_CFBundleDisplayName = RedGym;
				INFOPLIST_KEY_UIApplicationSupportsIndirectInputEvents = YES;
				INFOPLIST_KEY_UILaunchStoryboardName = LaunchScreen;
				INFOPLIST_KEY_UISupportedInterfaceOrientations_iPad = "UIInterfaceOrientationPortrait UIInterfaceOrientationPortraitUpsideDown UIInterfaceOrientationLandscapeLeft UIInterfaceOrientationLandscapeRight";
				INFOPLIST_KEY_UISupportedInterfaceOrientations_iPhone = "UIInterfaceOrientationPortrait UIInterfaceOrientationLandscapeLeft UIInterfaceOrientationLandscapeRight";
				IPHONEOS_DEPLOYMENT_TARGET = 18.0;
				LD_RUNPATH_SEARCH_PATHS = (
					"$(inherited)",
					"@executable_path/Frameworks",
				);
				MARKETING_VERSION = 1.0;
				PRODUCT_BUNDLE_IDENTIFIER = "aghamatlab-cornellgym";
				PRODUCT_NAME = "$(TARGET_NAME)";
				SWIFT_EMIT_LOC_STRINGS = YES;
				SWIFT_VERSION = 5.0;
				TARGETED_DEVICE_FAMILY = "1,2";
			};
			name = Debug;
		};
		2ED7006A2AF1CF5700B7C687 /* Release */ = {
			isa = XCBuildConfiguration;
			buildSettings = {
				ASSETCATALOG_COMPILER_APPICON_NAME = AppIcon;
				ASSETCATALOG_COMPILER_GLOBAL_ACCENT_COLOR_NAME = AccentColor;
				CODE_SIGN_STYLE = Automatic;
				CURRENT_PROJECT_VERSION = 1;
				DEVELOPMENT_TEAM = 3NFUYR892M;
				GENERATE_INFOPLIST_FILE = YES;
				INFOPLIST_FILE = A4/Info.plist;
				INFOPLIST_KEY_CFBundleDisplayName = RedGym;
				INFOPLIST_KEY_UIApplicationSupportsIndirectInputEvents = YES;
				INFOPLIST_KEY_UILaunchStoryboardName = LaunchScreen;
				INFOPLIST_KEY_UISupportedInterfaceOrientations_iPad = "UIInterfaceOrientationPortrait UIInterfaceOrientationPortraitUpsideDown UIInterfaceOrientationLandscapeLeft UIInterfaceOrientationLandscapeRight";
				INFOPLIST_KEY_UISupportedInterfaceOrientations_iPhone = "UIInterfaceOrientationPortrait UIInterfaceOrientationLandscapeLeft UIInterfaceOrientationLandscapeRight";
				IPHONEOS_DEPLOYMENT_TARGET = 18.0;
				LD_RUNPATH_SEARCH_PATHS = (
					"$(inherited)",
					"@executable_path/Frameworks",
				);
				MARKETING_VERSION = 1.0;
				PRODUCT_BUNDLE_IDENTIFIER = "aghamatlab-cornellgym";
				PRODUCT_NAME = "$(TARGET_NAME)";
				SWIFT_EMIT_LOC_STRINGS = YES;
				SWIFT_VERSION = 5.0;
				TARGETED_DEVICE_FAMILY = "1,2";
			};
			name = Release;
		};
/* End XCBuildConfiguration section */

/* Begin XCConfigurationList section */
		2ED7004F2AF1CF5600B7C687 /* Build configuration list for PBXProject "A4" */ = {
			isa = XCConfigurationList;
			buildConfigurations = (
				2ED700662AF1CF5700B7C687 /* Debug */,
				2ED700672AF1CF5700B7C687 /* Release */,
			);
			defaultConfigurationIsVisible = 0;
			defaultConfigurationName = Release;
		};
		2ED700682AF1CF5700B7C687 /* Build configuration list for PBXNativeTarget "A4" */ = {
			isa = XCConfigurationList;
			buildConfigurations = (
				2ED700692AF1CF5700B7C687 /* Debug */,
				2ED7006A2AF1CF5700B7C687 /* Release */,
			);
			defaultConfigurationIsVisible = 0;
			defaultConfigurationName = Release;
		};
/* End XCConfigurationList section */

/* Begin XCRemoteSwiftPackageReference section */
		2E07F6062AF1CFFD00395214 /* XCRemoteSwiftPackageReference "Alamofire" */ = {
			isa = XCRemoteSwiftPackageReference;
			repositoryURL = "https://github.com/Alamofire/Alamofire";
			requirement = {
				kind = upToNextMajorVersion;
				minimumVersion = 5.8.1;
			};
		};
		2E07F6092AF1D01E00395214 /* XCRemoteSwiftPackageReference "SnapKit" */ = {
			isa = XCRemoteSwiftPackageReference;
			repositoryURL = "https://github.com/SnapKit/SnapKit";
			requirement = {
				kind = upToNextMajorVersion;
				minimumVersion = 5.6.0;
			};
		};
		2E07F60E2AF1D03B00395214 /* XCRemoteSwiftPackageReference "SDWebImage" */ = {
			isa = XCRemoteSwiftPackageReference;
			repositoryURL = "https://github.com/SDWebImage/SDWebImage";
			requirement = {
				kind = upToNextMajorVersion;
				minimumVersion = 5.18.4;
			};
		};
		491853402DC586CF00EAA794 /* XCRemoteSwiftPackageReference "MarkdownUI" */ = {
			isa = XCRemoteSwiftPackageReference;
			repositoryURL = "https://github.com/gonzalezreal/MarkdownUI";
			requirement = {
				kind = upToNextMajorVersion;
				minimumVersion = 2.4.1;
			};
		};
		49D2616F2DC2C01C00C3570A /* XCRemoteSwiftPackageReference "SDWebImageSwiftUI" */ = {
			isa = XCRemoteSwiftPackageReference;
			repositoryURL = "https://github.com/SDWebImage/SDWebImageSwiftUI.git";
			requirement = {
				kind = upToNextMajorVersion;
				minimumVersion = 3.1.3;
			};
		};
		49D261742DC4892000C3570A /* XCRemoteSwiftPackageReference "GoogleSignIn-iOS" */ = {
			isa = XCRemoteSwiftPackageReference;
			repositoryURL = "https://github.com/google/GoogleSignIn-iOS.git";
			requirement = {
				kind = upToNextMajorVersion;
				minimumVersion = 8.0.0;
			};
		};
/* End XCRemoteSwiftPackageReference section */

/* Begin XCSwiftPackageProductDependency section */
		2E07F6072AF1CFFD00395214 /* Alamofire */ = {
			isa = XCSwiftPackageProductDependency;
			package = 2E07F6062AF1CFFD00395214 /* XCRemoteSwiftPackageReference "Alamofire" */;
			productName = Alamofire;
		};
		2E07F60A2AF1D01E00395214 /* SnapKit */ = {
			isa = XCSwiftPackageProductDependency;
			package = 2E07F6092AF1D01E00395214 /* XCRemoteSwiftPackageReference "SnapKit" */;
			productName = SnapKit;
		};
		2E07F60F2AF1D03B00395214 /* SDWebImage */ = {
			isa = XCSwiftPackageProductDependency;
			package = 2E07F60E2AF1D03B00395214 /* XCRemoteSwiftPackageReference "SDWebImage" */;
			productName = SDWebImage;
		};
		2E07F6112AF1D03B00395214 /* SDWebImageMapKit */ = {
			isa = XCSwiftPackageProductDependency;
			package = 2E07F60E2AF1D03B00395214 /* XCRemoteSwiftPackageReference "SDWebImage" */;
			productName = SDWebImageMapKit;
		};
		491853412DC586CF00EAA794 /* MarkdownUI */ = {
			isa = XCSwiftPackageProductDependency;
			package = 491853402DC586CF00EAA794 /* XCRemoteSwiftPackageReference "MarkdownUI" */;
			productName = MarkdownUI;
		};
		49D261702DC2C01C00C3570A /* SDWebImageSwiftUI */ = {
			isa = XCSwiftPackageProductDependency;
			package = 49D2616F2DC2C01C00C3570A /* XCRemoteSwiftPackageReference "SDWebImageSwiftUI" */;
			productName = SDWebImageSwiftUI;
		};
		49D261752DC4892100C3570A /* GoogleSignIn */ = {
			isa = XCSwiftPackageProductDependency;
			package = 49D261742DC4892000C3570A /* XCRemoteSwiftPackageReference "GoogleSignIn-iOS" */;
			productName = GoogleSignIn;
		};
		49D261772DC4892100C3570A /* GoogleSignInSwift */ = {
			isa = XCSwiftPackageProductDependency;
			package = 49D261742DC4892000C3570A /* XCRemoteSwiftPackageReference "GoogleSignIn-iOS" */;
			productName = GoogleSignInSwift;
		};
/* End XCSwiftPackageProductDependency section */
	};
	rootObject = 2ED7004C2AF1CF5600B7C687 /* Project object */;
}
